
Microsoft Visual Studio Solution File, Format Version 12.00
# Visual Studio Version 17
VisualStudioVersion = 17.1.32421.90
MinimumVisualStudioVersion = 10.0.40219.1
Project("{FAE04EC0-301F-11D3-BF4B-00C04F79EFBC}") = "Tp0", "Tp0.csproj", "{48B3D2CC-0A8B-4490-9441-29D71E452A4A}"
EndProject
Global
	GlobalSection(SolutionConfigurationPlatforms) = preSolution
		Debug|Any CPU = Debug|Any CPU
		Release|Any CPU = Release|Any CPU
	EndGlobalSection
	GlobalSection(ProjectConfigurationPlatforms) = postSolution
		{48B3D2CC-0A8B-4490-9441-29D71E452A4A}.Debug|Any CPU.ActiveCfg = Debug|Any CPU
		{48B3D2CC-0A8B-4490-9441-29D71E452A4A}.Debug|Any CPU.Build.0 = Debug|Any CPU
		{48B3D2CC-0A8B-4490-9441-29D71E452A4A}.Release|Any CPU.ActiveCfg = Release|Any CPU
		{48B3D2CC-0A8B-4490-9441-29D71E452A4A}.Release|Any CPU.Build.0 = Release|Any CPU
	EndGlobalSection
	GlobalSection(SolutionProperties) = preSolution
		HideSolutionNode = FALSE
	EndGlobalSection
	GlobalSection(ExtensibilityGlobals) = postSolution
		SolutionGuid = {2CC2F53D-10BD-4FBF-9EB7-EE935A2930B8}
	EndGlobalSection
EndGlobal
